
Microsoft Visual Studio Solution File, Format Version 12.00
# Visual Studio 15
VisualStudioVersion = 15.0.27130.2027
MinimumVisualStudioVersion = 10.0.40219.1
Project("{FAE04EC0-301F-11D3-BF4B-00C04F79EFBC}") = "CaptureScreenApp", "CaptureScreenApp\CaptureScreenApp.csproj", "{64BDBD48-D965-4928-8D9B-BA10FBFB5AC1}"
EndProject
Global
	GlobalSection(SolutionConfigurationPlatforms) = preSolution
		Debug|Any CPU = Debug|Any CPU
		Release|Any CPU = Release|Any CPU
	EndGlobalSection
	GlobalSection(ProjectConfigurationPlatforms) = postSolution
		{64BDBD48-D965-4928-8D9B-BA10FBFB5AC1}.Debug|Any CPU.ActiveCfg = Debug|Any CPU
		{64BDBD48-D965-4928-8D9B-BA10FBFB5AC1}.Debug|Any CPU.Build.0 = Debug|Any CPU
		{64BDBD48-D965-4928-8D9B-BA10FBFB5AC1}.Release|Any CPU.ActiveCfg = Release|Any CPU
		{64BDBD48-D965-4928-8D9B-BA10FBFB5AC1}.Release|Any CPU.Build.0 = Release|Any CPU
	EndGlobalSection
	GlobalSection(SolutionProperties) = preSolution
		HideSolutionNode = FALSE
	EndGlobalSection
	GlobalSection(ExtensibilityGlobals) = postSolution
		SolutionGuid = {C3E2B18C-7DA2-4776-A086-20DAB5AB09A7}
	EndGlobalSection
EndGlobal
